// !$*UTF8*$!
{
	archiveVersion = 1;
	classes = {
	};
	objectVersion = 51;
	objects = {

/* Begin PBXBuildFile section */
		465A9AEA23FA799B00975305 /* FakeDBDataManager.swift in Sources */ = {isa = PBXBuildFile; fileRef = 465A9AE923FA799B00975305 /* FakeDBDataManager.swift */; };
		465A9AED23FA79D200975305 /* ProjectModelTest.swift in Sources */ = {isa = PBXBuildFile; fileRef = 465A9AEC23FA79D200975305 /* ProjectModelTest.swift */; };
		465A9AEF23FA79F200975305 /* TimeModelTest.swift in Sources */ = {isa = PBXBuildFile; fileRef = 465A9AEE23FA79F200975305 /* TimeModelTest.swift */; };
		465A9AF223FA7A8700975305 /* ProjectsInteractorTests.swift in Sources */ = {isa = PBXBuildFile; fileRef = 465A9AF123FA7A8700975305 /* ProjectsInteractorTests.swift */; };
		465A9AF423FA7AA600975305 /* ProjectsPresenterTests.swift in Sources */ = {isa = PBXBuildFile; fileRef = 465A9AF323FA7AA600975305 /* ProjectsPresenterTests.swift */; };
		465A9AF723FA7B2600975305 /* TimeSpentInteractorTests.swift in Sources */ = {isa = PBXBuildFile; fileRef = 465A9AF623FA7B2600975305 /* TimeSpentInteractorTests.swift */; };
		465A9AF923FA7B4200975305 /* TimeSpentPresenterTests.swift in Sources */ = {isa = PBXBuildFile; fileRef = 465A9AF823FA7B4200975305 /* TimeSpentPresenterTests.swift */; };
		465A9AFC23FADBEA00975305 /* AddTimeInteractorTests.swift in Sources */ = {isa = PBXBuildFile; fileRef = 465A9AFB23FADBEA00975305 /* AddTimeInteractorTests.swift */; };
		465A9AFE23FAE01500975305 /* AddTimePresenterTests.swift in Sources */ = {isa = PBXBuildFile; fileRef = 465A9AFD23FAE01500975305 /* AddTimePresenterTests.swift */; };
		465A9B0223FB09A500975305 /* Readme.md in Resources */ = {isa = PBXBuildFile; fileRef = 465A9B0123FB09A500975305 /* Readme.md */; };
		4687B99E23F90B1A00270F45 /* AppDelegate.swift in Sources */ = {isa = PBXBuildFile; fileRef = 4687B99D23F90B1A00270F45 /* AppDelegate.swift */; };
		4687B9A723F90B1C00270F45 /* Assets.xcassets in Resources */ = {isa = PBXBuildFile; fileRef = 4687B9A623F90B1C00270F45 /* Assets.xcassets */; };
		4687B9AA23F90B1C00270F45 /* LaunchScreen.storyboard in Resources */ = {isa = PBXBuildFile; fileRef = 4687B9A823F90B1C00270F45 /* LaunchScreen.storyboard */; };
		4687B9C123F910E600270F45 /* ProjectsViewController.swift in Sources */ = {isa = PBXBuildFile; fileRef = 4687B9BF23F910E600270F45 /* ProjectsViewController.swift */; };
		4687B9C223F910E600270F45 /* ProjectsViewController.xib in Resources */ = {isa = PBXBuildFile; fileRef = 4687B9C023F910E600270F45 /* ProjectsViewController.xib */; };
		4687B9C623F912DD00270F45 /* ProjectTableViewCell.swift in Sources */ = {isa = PBXBuildFile; fileRef = 4687B9C423F912DD00270F45 /* ProjectTableViewCell.swift */; };
		4687B9C723F912DD00270F45 /* ProjectTableViewCell.xib in Resources */ = {isa = PBXBuildFile; fileRef = 4687B9C523F912DD00270F45 /* ProjectTableViewCell.xib */; };
		4687B9C923F913D800270F45 /* ProjectsPresenter.swift in Sources */ = {isa = PBXBuildFile; fileRef = 4687B9C823F913D800270F45 /* ProjectsPresenter.swift */; };
		4687B9CB23F913F500270F45 /* ProjectsInteractor.swift in Sources */ = {isa = PBXBuildFile; fileRef = 4687B9CA23F913F500270F45 /* ProjectsInteractor.swift */; };
		4687B9CD23F9141000270F45 /* ProjectsRouter.swift in Sources */ = {isa = PBXBuildFile; fileRef = 4687B9CC23F9141000270F45 /* ProjectsRouter.swift */; };
		4687B9CF23F9147C00270F45 /* ProjectModel.swift in Sources */ = {isa = PBXBuildFile; fileRef = 4687B9CE23F9147C00270F45 /* ProjectModel.swift */; };
		4687B9D423F9153E00270F45 /* DBDataManager.swift in Sources */ = {isa = PBXBuildFile; fileRef = 4687B9D323F9153E00270F45 /* DBDataManager.swift */; };
		4687B9D623F9156600270F45 /* RealmDataBase.swift in Sources */ = {isa = PBXBuildFile; fileRef = 4687B9D523F9156600270F45 /* RealmDataBase.swift */; };
		4687B9D823F91A0D00270F45 /* ProjectEntity.swift in Sources */ = {isa = PBXBuildFile; fileRef = 4687B9D723F91A0D00270F45 /* ProjectEntity.swift */; };
		4687B9DF23F91D0700270F45 /* AddProjectViewController.swift in Sources */ = {isa = PBXBuildFile; fileRef = 4687B9DD23F91D0700270F45 /* AddProjectViewController.swift */; };
		4687B9E023F91D0700270F45 /* AddProjectViewController.xib in Resources */ = {isa = PBXBuildFile; fileRef = 4687B9DE23F91D0700270F45 /* AddProjectViewController.xib */; };
		4687B9E223F91DF500270F45 /* AddProjectPresenter.swift in Sources */ = {isa = PBXBuildFile; fileRef = 4687B9E123F91DF500270F45 /* AddProjectPresenter.swift */; };
		4687B9E423F91E7300270F45 /* AddProjectInteractor.swift in Sources */ = {isa = PBXBuildFile; fileRef = 4687B9E323F91E7300270F45 /* AddProjectInteractor.swift */; };
		4687B9E623F91EA600270F45 /* AddProjectRouter.swift in Sources */ = {isa = PBXBuildFile; fileRef = 4687B9E523F91EA600270F45 /* AddProjectRouter.swift */; };
		4687B9E923F91F4700270F45 /* ViewExtension.swift in Sources */ = {isa = PBXBuildFile; fileRef = 4687B9E823F91F4700270F45 /* ViewExtension.swift */; };
		4687B9F023F924F900270F45 /* TimeSpentViewController.swift in Sources */ = {isa = PBXBuildFile; fileRef = 4687B9EE23F924F900270F45 /* TimeSpentViewController.swift */; };
		4687B9F123F924F900270F45 /* TimeSpentViewController.xib in Resources */ = {isa = PBXBuildFile; fileRef = 4687B9EF23F924F900270F45 /* TimeSpentViewController.xib */; };
		4687B9F423F9269000270F45 /* TimeSpentTableViewCell.swift in Sources */ = {isa = PBXBuildFile; fileRef = 4687B9F223F9269000270F45 /* TimeSpentTableViewCell.swift */; };
		4687B9F523F9269000270F45 /* TimeSpentTableViewCell.xib in Resources */ = {isa = PBXBuildFile; fileRef = 4687B9F323F9269000270F45 /* TimeSpentTableViewCell.xib */; };
		4687B9F723F9270200270F45 /* TimeSpentPresenter.swift in Sources */ = {isa = PBXBuildFile; fileRef = 4687B9F623F9270200270F45 /* TimeSpentPresenter.swift */; };
		4687B9F923F9271B00270F45 /* TimeSpentInteractor.swift in Sources */ = {isa = PBXBuildFile; fileRef = 4687B9F823F9271B00270F45 /* TimeSpentInteractor.swift */; };
		4687B9FB23F9272F00270F45 /* TimeSpentRouter.swift in Sources */ = {isa = PBXBuildFile; fileRef = 4687B9FA23F9272F00270F45 /* TimeSpentRouter.swift */; };
		4687B9FD23F9275B00270F45 /* TimeModel.swift in Sources */ = {isa = PBXBuildFile; fileRef = 4687B9FC23F9275B00270F45 /* TimeModel.swift */; };
		4687B9FF23F9277100270F45 /* TimeEntity.swift in Sources */ = {isa = PBXBuildFile; fileRef = 4687B9FE23F9277100270F45 /* TimeEntity.swift */; };
		4687BA0623F92AF000270F45 /* AddTimeViewController.swift in Sources */ = {isa = PBXBuildFile; fileRef = 4687BA0423F92AF000270F45 /* AddTimeViewController.swift */; };
		4687BA0723F92AF000270F45 /* AddTimeViewController.xib in Resources */ = {isa = PBXBuildFile; fileRef = 4687BA0523F92AF000270F45 /* AddTimeViewController.xib */; };
		4687BA0923F92B5300270F45 /* AddTimePresenter.swift in Sources */ = {isa = PBXBuildFile; fileRef = 4687BA0823F92B5300270F45 /* AddTimePresenter.swift */; };
		4687BA0B23F92B6D00270F45 /* AddTimeInteractor.swift in Sources */ = {isa = PBXBuildFile; fileRef = 4687BA0A23F92B6D00270F45 /* AddTimeInteractor.swift */; };
		4687BA0D23F92B8100270F45 /* AddTimeRouter.swift in Sources */ = {isa = PBXBuildFile; fileRef = 4687BA0C23F92B8100270F45 /* AddTimeRouter.swift */; };
		46A189C124079C2E00E806C9 /* AutoEquatable.stencil in Resources */ = {isa = PBXBuildFile; fileRef = 46A189C024079C2E00E806C9 /* AutoEquatable.stencil */; };
		46A189C92407A6A600E806C9 /* AutoEquatable.swift in Sources */ = {isa = PBXBuildFile; fileRef = 46A189C82407A6A600E806C9 /* AutoEquatable.swift */; };
		46A189CB2407A81E00E806C9 /* Generated in Resources */ = {isa = PBXBuildFile; fileRef = 46A189CA2407A81E00E806C9 /* Generated */; };
		F2A9845AA78AB312BF34BB32 /* Pods_vismaAssignment.framework in Frameworks */ = {isa = PBXBuildFile; fileRef = F269AF81555719FA3FDBD72A /* Pods_vismaAssignment.framework */; };
/* End PBXBuildFile section */

/* Begin PBXContainerItemProxy section */
		465A9AE323FA797400975305 /* PBXContainerItemProxy */ = {
			isa = PBXContainerItemProxy;
			containerPortal = 4687B99223F90B1A00270F45 /* Project object */;
			proxyType = 1;
			remoteGlobalIDString = 4687B99923F90B1A00270F45;
			remoteInfo = vismaAssignment;
		};
/* End PBXContainerItemProxy section */

/* Begin PBXFileReference section */
		31E5AAEC846C252B3F0F6EDD /* Pods-vismaAssignment.debug.xcconfig */ = {isa = PBXFileReference; includeInIndex = 1; lastKnownFileType = text.xcconfig; name = "Pods-vismaAssignment.debug.xcconfig"; path = "Target Support Files/Pods-vismaAssignment/Pods-vismaAssignment.debug.xcconfig"; sourceTree = "<group>"; };
		465A9ADE23FA797400975305 /* vismaAssignmentTests.xctest */ = {isa = PBXFileReference; explicitFileType = wrapper.cfbundle; includeInIndex = 0; path = vismaAssignmentTests.xctest; sourceTree = BUILT_PRODUCTS_DIR; };
		465A9AE223FA797400975305 /* Info.plist */ = {isa = PBXFileReference; lastKnownFileType = text.plist.xml; path = Info.plist; sourceTree = "<group>"; };
		465A9AE923FA799B00975305 /* FakeDBDataManager.swift */ = {isa = PBXFileReference; lastKnownFileType = sourcecode.swift; path = FakeDBDataManager.swift; sourceTree = "<group>"; };
		465A9AEC23FA79D200975305 /* ProjectModelTest.swift */ = {isa = PBXFileReference; lastKnownFileType = sourcecode.swift; path = ProjectModelTest.swift; sourceTree = "<group>"; };
		465A9AEE23FA79F200975305 /* TimeModelTest.swift */ = {isa = PBXFileReference; lastKnownFileType = sourcecode.swift; path = TimeModelTest.swift; sourceTree = "<group>"; };
		465A9AF123FA7A8700975305 /* ProjectsInteractorTests.swift */ = {isa = PBXFileReference; lastKnownFileType = sourcecode.swift; path = ProjectsInteractorTests.swift; sourceTree = "<group>"; };
		465A9AF323FA7AA600975305 /* ProjectsPresenterTests.swift */ = {isa = PBXFileReference; lastKnownFileType = sourcecode.swift; path = ProjectsPresenterTests.swift; sourceTree = "<group>"; };
		465A9AF623FA7B2600975305 /* TimeSpentInteractorTests.swift */ = {isa = PBXFileReference; lastKnownFileType = sourcecode.swift; path = TimeSpentInteractorTests.swift; sourceTree = "<group>"; };
		465A9AF823FA7B4200975305 /* TimeSpentPresenterTests.swift */ = {isa = PBXFileReference; lastKnownFileType = sourcecode.swift; path = TimeSpentPresenterTests.swift; sourceTree = "<group>"; };
		465A9AFB23FADBEA00975305 /* AddTimeInteractorTests.swift */ = {isa = PBXFileReference; lastKnownFileType = sourcecode.swift; path = AddTimeInteractorTests.swift; sourceTree = "<group>"; };
		465A9AFD23FAE01500975305 /* AddTimePresenterTests.swift */ = {isa = PBXFileReference; lastKnownFileType = sourcecode.swift; path = AddTimePresenterTests.swift; sourceTree = "<group>"; };
		465A9B0123FB09A500975305 /* Readme.md */ = {isa = PBXFileReference; fileEncoding = 4; lastKnownFileType = net.daringfireball.markdown; path = Readme.md; sourceTree = "<group>"; };
		4687B99A23F90B1A00270F45 /* vismaAssignment.app */ = {isa = PBXFileReference; explicitFileType = wrapper.application; includeInIndex = 0; path = vismaAssignment.app; sourceTree = BUILT_PRODUCTS_DIR; };
		4687B99D23F90B1A00270F45 /* AppDelegate.swift */ = {isa = PBXFileReference; lastKnownFileType = sourcecode.swift; path = AppDelegate.swift; sourceTree = "<group>"; };
		4687B9A623F90B1C00270F45 /* Assets.xcassets */ = {isa = PBXFileReference; lastKnownFileType = folder.assetcatalog; path = Assets.xcassets; sourceTree = "<group>"; };
		4687B9A923F90B1C00270F45 /* Base */ = {isa = PBXFileReference; lastKnownFileType = file.storyboard; name = Base; path = Base.lproj/LaunchScreen.storyboard; sourceTree = "<group>"; };
		4687B9AB23F90B1C00270F45 /* Info.plist */ = {isa = PBXFileReference; lastKnownFileType = text.plist.xml; path = Info.plist; sourceTree = "<group>"; };
		4687B9BF23F910E600270F45 /* ProjectsViewController.swift */ = {isa = PBXFileReference; lastKnownFileType = sourcecode.swift; path = ProjectsViewController.swift; sourceTree = "<group>"; };
		4687B9C023F910E600270F45 /* ProjectsViewController.xib */ = {isa = PBXFileReference; lastKnownFileType = file.xib; path = ProjectsViewController.xib; sourceTree = "<group>"; };
		4687B9C423F912DD00270F45 /* ProjectTableViewCell.swift */ = {isa = PBXFileReference; lastKnownFileType = sourcecode.swift; path = ProjectTableViewCell.swift; sourceTree = "<group>"; };
		4687B9C523F912DD00270F45 /* ProjectTableViewCell.xib */ = {isa = PBXFileReference; lastKnownFileType = file.xib; path = ProjectTableViewCell.xib; sourceTree = "<group>"; };
		4687B9C823F913D800270F45 /* ProjectsPresenter.swift */ = {isa = PBXFileReference; lastKnownFileType = sourcecode.swift; path = ProjectsPresenter.swift; sourceTree = "<group>"; };
		4687B9CA23F913F500270F45 /* ProjectsInteractor.swift */ = {isa = PBXFileReference; lastKnownFileType = sourcecode.swift; path = ProjectsInteractor.swift; sourceTree = "<group>"; };
		4687B9CC23F9141000270F45 /* ProjectsRouter.swift */ = {isa = PBXFileReference; lastKnownFileType = sourcecode.swift; path = ProjectsRouter.swift; sourceTree = "<group>"; };
		4687B9CE23F9147C00270F45 /* ProjectModel.swift */ = {isa = PBXFileReference; lastKnownFileType = sourcecode.swift; path = ProjectModel.swift; sourceTree = "<group>"; };
		4687B9D323F9153E00270F45 /* DBDataManager.swift */ = {isa = PBXFileReference; lastKnownFileType = sourcecode.swift; path = DBDataManager.swift; sourceTree = "<group>"; };
		4687B9D523F9156600270F45 /* RealmDataBase.swift */ = {isa = PBXFileReference; lastKnownFileType = sourcecode.swift; path = RealmDataBase.swift; sourceTree = "<group>"; };
		4687B9D723F91A0D00270F45 /* ProjectEntity.swift */ = {isa = PBXFileReference; lastKnownFileType = sourcecode.swift; path = ProjectEntity.swift; sourceTree = "<group>"; };
		4687B9DD23F91D0700270F45 /* AddProjectViewController.swift */ = {isa = PBXFileReference; lastKnownFileType = sourcecode.swift; path = AddProjectViewController.swift; sourceTree = "<group>"; };
		4687B9DE23F91D0700270F45 /* AddProjectViewController.xib */ = {isa = PBXFileReference; lastKnownFileType = file.xib; path = AddProjectViewController.xib; sourceTree = "<group>"; };
		4687B9E123F91DF500270F45 /* AddProjectPresenter.swift */ = {isa = PBXFileReference; lastKnownFileType = sourcecode.swift; path = AddProjectPresenter.swift; sourceTree = "<group>"; };
		4687B9E323F91E7300270F45 /* AddProjectInteractor.swift */ = {isa = PBXFileReference; lastKnownFileType = sourcecode.swift; path = AddProjectInteractor.swift; sourceTree = "<group>"; };
		4687B9E523F91EA600270F45 /* AddProjectRouter.swift */ = {isa = PBXFileReference; lastKnownFileType = sourcecode.swift; path = AddProjectRouter.swift; sourceTree = "<group>"; };
		4687B9E823F91F4700270F45 /* ViewExtension.swift */ = {isa = PBXFileReference; lastKnownFileType = sourcecode.swift; path = ViewExtension.swift; sourceTree = "<group>"; };
		4687B9EE23F924F900270F45 /* TimeSpentViewController.swift */ = {isa = PBXFileReference; lastKnownFileType = sourcecode.swift; path = TimeSpentViewController.swift; sourceTree = "<group>"; };
		4687B9EF23F924F900270F45 /* TimeSpentViewController.xib */ = {isa = PBXFileReference; lastKnownFileType = file.xib; path = TimeSpentViewController.xib; sourceTree = "<group>"; };
		4687B9F223F9269000270F45 /* TimeSpentTableViewCell.swift */ = {isa = PBXFileReference; lastKnownFileType = sourcecode.swift; path = TimeSpentTableViewCell.swift; sourceTree = "<group>"; };
		4687B9F323F9269000270F45 /* TimeSpentTableViewCell.xib */ = {isa = PBXFileReference; lastKnownFileType = file.xib; path = TimeSpentTableViewCell.xib; sourceTree = "<group>"; };
		4687B9F623F9270200270F45 /* TimeSpentPresenter.swift */ = {isa = PBXFileReference; lastKnownFileType = sourcecode.swift; path = TimeSpentPresenter.swift; sourceTree = "<group>"; };
		4687B9F823F9271B00270F45 /* TimeSpentInteractor.swift */ = {isa = PBXFileReference; lastKnownFileType = sourcecode.swift; path = TimeSpentInteractor.swift; sourceTree = "<group>"; };
		4687B9FA23F9272F00270F45 /* TimeSpentRouter.swift */ = {isa = PBXFileReference; lastKnownFileType = sourcecode.swift; path = TimeSpentRouter.swift; sourceTree = "<group>"; };
		4687B9FC23F9275B00270F45 /* TimeModel.swift */ = {isa = PBXFileReference; lastKnownFileType = sourcecode.swift; path = TimeModel.swift; sourceTree = "<group>"; };
		4687B9FE23F9277100270F45 /* TimeEntity.swift */ = {isa = PBXFileReference; lastKnownFileType = sourcecode.swift; path = TimeEntity.swift; sourceTree = "<group>"; };
		4687BA0423F92AF000270F45 /* AddTimeViewController.swift */ = {isa = PBXFileReference; lastKnownFileType = sourcecode.swift; path = AddTimeViewController.swift; sourceTree = "<group>"; };
		4687BA0523F92AF000270F45 /* AddTimeViewController.xib */ = {isa = PBXFileReference; lastKnownFileType = file.xib; path = AddTimeViewController.xib; sourceTree = "<group>"; };
		4687BA0823F92B5300270F45 /* AddTimePresenter.swift */ = {isa = PBXFileReference; lastKnownFileType = sourcecode.swift; path = AddTimePresenter.swift; sourceTree = "<group>"; };
		4687BA0A23F92B6D00270F45 /* AddTimeInteractor.swift */ = {isa = PBXFileReference; lastKnownFileType = sourcecode.swift; path = AddTimeInteractor.swift; sourceTree = "<group>"; };
		4687BA0C23F92B8100270F45 /* AddTimeRouter.swift */ = {isa = PBXFileReference; lastKnownFileType = sourcecode.swift; path = AddTimeRouter.swift; sourceTree = "<group>"; };
		46A189C024079C2E00E806C9 /* AutoEquatable.stencil */ = {isa = PBXFileReference; lastKnownFileType = text; path = AutoEquatable.stencil; sourceTree = "<group>"; };
		46A189C82407A6A600E806C9 /* AutoEquatable.swift */ = {isa = PBXFileReference; lastKnownFileType = sourcecode.swift; path = AutoEquatable.swift; sourceTree = "<group>"; };
		46A189CA2407A81E00E806C9 /* Generated */ = {isa = PBXFileReference; lastKnownFileType = folder; path = Generated; sourceTree = "<group>"; };
		F269AF81555719FA3FDBD72A /* Pods_vismaAssignment.framework */ = {isa = PBXFileReference; explicitFileType = wrapper.framework; includeInIndex = 0; path = Pods_vismaAssignment.framework; sourceTree = BUILT_PRODUCTS_DIR; };
		FDC1997136576116B72113B6 /* Pods-vismaAssignment.release.xcconfig */ = {isa = PBXFileReference; includeInIndex = 1; lastKnownFileType = text.xcconfig; name = "Pods-vismaAssignment.release.xcconfig"; path = "Target Support Files/Pods-vismaAssignment/Pods-vismaAssignment.release.xcconfig"; sourceTree = "<group>"; };
/* End PBXFileReference section */

/* Begin PBXFrameworksBuildPhase section */
		465A9ADB23FA797400975305 /* Frameworks */ = {
			isa = PBXFrameworksBuildPhase;
			buildActionMask = 2147483647;
			files = (
			);
			runOnlyForDeploymentPostprocessing = 0;
		};
		4687B99723F90B1A00270F45 /* Frameworks */ = {
			isa = PBXFrameworksBuildPhase;
			buildActionMask = 2147483647;
			files = (
				F2A9845AA78AB312BF34BB32 /* Pods_vismaAssignment.framework in Frameworks */,
			);
			runOnlyForDeploymentPostprocessing = 0;
		};
/* End PBXFrameworksBuildPhase section */

/* Begin PBXGroup section */
		465A9ADF23FA797400975305 /* vismaAssignmentTests */ = {
			isa = PBXGroup;
			children = (
				465A9AFA23FADBC300975305 /* AddTimeTests */,
				465A9AF523FA7B1400975305 /* TimeSpentTests */,
				465A9AF023FA7A7400975305 /* ProjectListTests */,
				465A9AEB23FA79BF00975305 /* ModelTests */,
				465A9AE823FA797E00975305 /* Mock */,
				465A9AE223FA797400975305 /* Info.plist */,
			);
			path = vismaAssignmentTests;
			sourceTree = "<group>";
		};
		465A9AE823FA797E00975305 /* Mock */ = {
			isa = PBXGroup;
			children = (
				465A9AE923FA799B00975305 /* FakeDBDataManager.swift */,
			);
			path = Mock;
			sourceTree = "<group>";
		};
		465A9AEB23FA79BF00975305 /* ModelTests */ = {
			isa = PBXGroup;
			children = (
				465A9AEC23FA79D200975305 /* ProjectModelTest.swift */,
				465A9AEE23FA79F200975305 /* TimeModelTest.swift */,
			);
			path = ModelTests;
			sourceTree = "<group>";
		};
		465A9AF023FA7A7400975305 /* ProjectListTests */ = {
			isa = PBXGroup;
			children = (
				465A9AF123FA7A8700975305 /* ProjectsInteractorTests.swift */,
				465A9AF323FA7AA600975305 /* ProjectsPresenterTests.swift */,
			);
			path = ProjectListTests;
			sourceTree = "<group>";
		};
		465A9AF523FA7B1400975305 /* TimeSpentTests */ = {
			isa = PBXGroup;
			children = (
				465A9AF623FA7B2600975305 /* TimeSpentInteractorTests.swift */,
				465A9AF823FA7B4200975305 /* TimeSpentPresenterTests.swift */,
			);
			path = TimeSpentTests;
			sourceTree = "<group>";
		};
		465A9AFA23FADBC300975305 /* AddTimeTests */ = {
			isa = PBXGroup;
			children = (
				465A9AFB23FADBEA00975305 /* AddTimeInteractorTests.swift */,
				465A9AFD23FAE01500975305 /* AddTimePresenterTests.swift */,
			);
			path = AddTimeTests;
			sourceTree = "<group>";
		};
		4687B99123F90B1A00270F45 = {
			isa = PBXGroup;
			children = (
				46A189C224079C4600E806C9 /* Sourcery */,
				465A9B0123FB09A500975305 /* Readme.md */,
				4687B99C23F90B1A00270F45 /* vismaAssignment */,
				465A9ADF23FA797400975305 /* vismaAssignmentTests */,
				4687B99B23F90B1A00270F45 /* Products */,
				768CD066EE95BC6AB4A1278C /* Pods */,
				B6A32A2F4545503E9B4BCB8C /* Frameworks */,
			);
			sourceTree = "<group>";
		};
		4687B99B23F90B1A00270F45 /* Products */ = {
			isa = PBXGroup;
			children = (
				4687B99A23F90B1A00270F45 /* vismaAssignment.app */,
				465A9ADE23FA797400975305 /* vismaAssignmentTests.xctest */,
			);
			name = Products;
			sourceTree = "<group>";
		};
		4687B99C23F90B1A00270F45 /* vismaAssignment */ = {
			isa = PBXGroup;
			children = (
				4687B9B623F90EDE00270F45 /* App */,
				4687B9B523F90ED500270F45 /* DataManagers */,
				4687B9B423F90ECF00270F45 /* Models */,
				4687B9B323F90EC400270F45 /* Modules */,
				4687B9A623F90B1C00270F45 /* Assets.xcassets */,
				4687B9A823F90B1C00270F45 /* LaunchScreen.storyboard */,
				4687B9AB23F90B1C00270F45 /* Info.plist */,
			);
			path = vismaAssignment;
			sourceTree = "<group>";
		};
		4687B9B323F90EC400270F45 /* Modules */ = {
			isa = PBXGroup;
			children = (
				4687B9BA23F90F8200270F45 /* AddTime */,
				4687B9B923F90F7B00270F45 /* TimeSpent */,
				4687B9B823F90F6200270F45 /* AddProject */,
				4687B9B723F90F4600270F45 /* Projects */,
			);
			path = Modules;
			sourceTree = "<group>";
		};
		4687B9B423F90ECF00270F45 /* Models */ = {
			isa = PBXGroup;
			children = (
				46A189C82407A6A600E806C9 /* AutoEquatable.swift */,
				4687B9CE23F9147C00270F45 /* ProjectModel.swift */,
				4687B9FC23F9275B00270F45 /* TimeModel.swift */,
			);
			path = Models;
			sourceTree = "<group>";
		};
		4687B9B523F90ED500270F45 /* DataManagers */ = {
			isa = PBXGroup;
			children = (
				4687B9D123F914B100270F45 /* Local */,
				4687B9D023F914A400270F45 /* Api */,
			);
			path = DataManagers;
			sourceTree = "<group>";
		};
		4687B9B623F90EDE00270F45 /* App */ = {
			isa = PBXGroup;
			children = (
				4687B9E723F91F2900270F45 /* Extensions */,
				4687B99D23F90B1A00270F45 /* AppDelegate.swift */,
			);
			path = App;
			sourceTree = "<group>";
		};
		4687B9B723F90F4600270F45 /* Projects */ = {
			isa = PBXGroup;
			children = (
				4687B9BE23F910C800270F45 /* Router */,
				4687B9BD23F910C200270F45 /* Interactor */,
				4687B9BC23F910BC00270F45 /* Presenter */,
				4687B9BB23F910B500270F45 /* View */,
			);
			path = Projects;
			sourceTree = "<group>";
		};
		4687B9B823F90F6200270F45 /* AddProject */ = {
			isa = PBXGroup;
			children = (
				4687B9DC23F91CD200270F45 /* Router */,
				4687B9DB23F91CCB00270F45 /* Interactor */,
				4687B9DA23F91CC300270F45 /* Presenter */,
				4687B9D923F91CB900270F45 /* View */,
			);
			path = AddProject;
			sourceTree = "<group>";
		};
		4687B9B923F90F7B00270F45 /* TimeSpent */ = {
			isa = PBXGroup;
			children = (
				4687B9ED23F924DE00270F45 /* Router */,
				4687B9EC23F924D700270F45 /* Interactor */,
				4687B9EB23F924D000270F45 /* Presenter */,
				4687B9EA23F924C400270F45 /* View */,
			);
			path = TimeSpent;
			sourceTree = "<group>";
		};
		4687B9BA23F90F8200270F45 /* AddTime */ = {
			isa = PBXGroup;
			children = (
				4687BA0323F92AC900270F45 /* Router */,
				4687BA0223F92AC200270F45 /* Interactor */,
				4687BA0123F92ABB00270F45 /* Presenter */,
				4687BA0023F92AB300270F45 /* View */,
			);
			path = AddTime;
			sourceTree = "<group>";
		};
		4687B9BB23F910B500270F45 /* View */ = {
			isa = PBXGroup;
			children = (
				4687B9BF23F910E600270F45 /* ProjectsViewController.swift */,
				4687B9C023F910E600270F45 /* ProjectsViewController.xib */,
				4687B9C423F912DD00270F45 /* ProjectTableViewCell.swift */,
				4687B9C523F912DD00270F45 /* ProjectTableViewCell.xib */,
			);
			path = View;
			sourceTree = "<group>";
		};
		4687B9BC23F910BC00270F45 /* Presenter */ = {
			isa = PBXGroup;
			children = (
				4687B9C823F913D800270F45 /* ProjectsPresenter.swift */,
			);
			path = Presenter;
			sourceTree = "<group>";
		};
		4687B9BD23F910C200270F45 /* Interactor */ = {
			isa = PBXGroup;
			children = (
				4687B9CA23F913F500270F45 /* ProjectsInteractor.swift */,
			);
			path = Interactor;
			sourceTree = "<group>";
		};
		4687B9BE23F910C800270F45 /* Router */ = {
			isa = PBXGroup;
			children = (
				4687B9CC23F9141000270F45 /* ProjectsRouter.swift */,
			);
			path = Router;
			sourceTree = "<group>";
		};
		4687B9D023F914A400270F45 /* Api */ = {
			isa = PBXGroup;
			children = (
			);
			path = Api;
			sourceTree = "<group>";
		};
		4687B9D123F914B100270F45 /* Local */ = {
			isa = PBXGroup;
			children = (
				4687B9D223F914C100270F45 /* Entities */,
				4687B9D323F9153E00270F45 /* DBDataManager.swift */,
				4687B9D523F9156600270F45 /* RealmDataBase.swift */,
			);
			path = Local;
			sourceTree = "<group>";
		};
		4687B9D223F914C100270F45 /* Entities */ = {
			isa = PBXGroup;
			children = (
				4687B9D723F91A0D00270F45 /* ProjectEntity.swift */,
				4687B9FE23F9277100270F45 /* TimeEntity.swift */,
			);
			path = Entities;
			sourceTree = "<group>";
		};
		4687B9D923F91CB900270F45 /* View */ = {
			isa = PBXGroup;
			children = (
				4687B9DD23F91D0700270F45 /* AddProjectViewController.swift */,
				4687B9DE23F91D0700270F45 /* AddProjectViewController.xib */,
			);
			path = View;
			sourceTree = "<group>";
		};
		4687B9DA23F91CC300270F45 /* Presenter */ = {
			isa = PBXGroup;
			children = (
				4687B9E123F91DF500270F45 /* AddProjectPresenter.swift */,
			);
			path = Presenter;
			sourceTree = "<group>";
		};
		4687B9DB23F91CCB00270F45 /* Interactor */ = {
			isa = PBXGroup;
			children = (
				4687B9E323F91E7300270F45 /* AddProjectInteractor.swift */,
			);
			path = Interactor;
			sourceTree = "<group>";
		};
		4687B9DC23F91CD200270F45 /* Router */ = {
			isa = PBXGroup;
			children = (
				4687B9E523F91EA600270F45 /* AddProjectRouter.swift */,
			);
			path = Router;
			sourceTree = "<group>";
		};
		4687B9E723F91F2900270F45 /* Extensions */ = {
			isa = PBXGroup;
			children = (
				4687B9E823F91F4700270F45 /* ViewExtension.swift */,
			);
			path = Extensions;
			sourceTree = "<group>";
		};
		4687B9EA23F924C400270F45 /* View */ = {
			isa = PBXGroup;
			children = (
				4687B9EE23F924F900270F45 /* TimeSpentViewController.swift */,
				4687B9EF23F924F900270F45 /* TimeSpentViewController.xib */,
				4687B9F223F9269000270F45 /* TimeSpentTableViewCell.swift */,
				4687B9F323F9269000270F45 /* TimeSpentTableViewCell.xib */,
			);
			path = View;
			sourceTree = "<group>";
		};
		4687B9EB23F924D000270F45 /* Presenter */ = {
			isa = PBXGroup;
			children = (
				4687B9F623F9270200270F45 /* TimeSpentPresenter.swift */,
			);
			path = Presenter;
			sourceTree = "<group>";
		};
		4687B9EC23F924D700270F45 /* Interactor */ = {
			isa = PBXGroup;
			children = (
				4687B9F823F9271B00270F45 /* TimeSpentInteractor.swift */,
			);
			path = Interactor;
			sourceTree = "<group>";
		};
		4687B9ED23F924DE00270F45 /* Router */ = {
			isa = PBXGroup;
			children = (
				4687B9FA23F9272F00270F45 /* TimeSpentRouter.swift */,
			);
			path = Router;
			sourceTree = "<group>";
		};
		4687BA0023F92AB300270F45 /* View */ = {
			isa = PBXGroup;
			children = (
				4687BA0423F92AF000270F45 /* AddTimeViewController.swift */,
				4687BA0523F92AF000270F45 /* AddTimeViewController.xib */,
			);
			path = View;
			sourceTree = "<group>";
		};
		4687BA0123F92ABB00270F45 /* Presenter */ = {
			isa = PBXGroup;
			children = (
				4687BA0823F92B5300270F45 /* AddTimePresenter.swift */,
			);
			path = Presenter;
			sourceTree = "<group>";
		};
		4687BA0223F92AC200270F45 /* Interactor */ = {
			isa = PBXGroup;
			children = (
				4687BA0A23F92B6D00270F45 /* AddTimeInteractor.swift */,
			);
			path = Interactor;
			sourceTree = "<group>";
		};
		4687BA0323F92AC900270F45 /* Router */ = {
			isa = PBXGroup;
			children = (
				4687BA0C23F92B8100270F45 /* AddTimeRouter.swift */,
			);
			path = Router;
			sourceTree = "<group>";
		};
		46A189BF24079C0B00E806C9 /* Templates */ = {
			isa = PBXGroup;
			children = (
				46A189C024079C2E00E806C9 /* AutoEquatable.stencil */,
			);
			path = Templates;
			sourceTree = "<group>";
		};
		46A189C224079C4600E806C9 /* Sourcery */ = {
			isa = PBXGroup;
			children = (
				46A189CA2407A81E00E806C9 /* Generated */,
				46A189BF24079C0B00E806C9 /* Templates */,
			);
			path = Sourcery;
			sourceTree = "<group>";
		};
		768CD066EE95BC6AB4A1278C /* Pods */ = {
			isa = PBXGroup;
			children = (
				31E5AAEC846C252B3F0F6EDD /* Pods-vismaAssignment.debug.xcconfig */,
				FDC1997136576116B72113B6 /* Pods-vismaAssignment.release.xcconfig */,
			);
			path = Pods;
			sourceTree = "<group>";
		};
		B6A32A2F4545503E9B4BCB8C /* Frameworks */ = {
			isa = PBXGroup;
			children = (
				F269AF81555719FA3FDBD72A /* Pods_vismaAssignment.framework */,
			);
			name = Frameworks;
			sourceTree = "<group>";
		};
/* End PBXGroup section */

/* Begin PBXNativeTarget section */
		465A9ADD23FA797400975305 /* vismaAssignmentTests */ = {
			isa = PBXNativeTarget;
			buildConfigurationList = 465A9AE523FA797400975305 /* Build configuration list for PBXNativeTarget "vismaAssignmentTests" */;
			buildPhases = (
				465A9ADA23FA797400975305 /* Sources */,
				465A9ADB23FA797400975305 /* Frameworks */,
				465A9ADC23FA797400975305 /* Resources */,
			);
			buildRules = (
			);
			dependencies = (
				465A9AE423FA797400975305 /* PBXTargetDependency */,
			);
			name = vismaAssignmentTests;
			productName = vismaAssignmentTests;
			productReference = 465A9ADE23FA797400975305 /* vismaAssignmentTests.xctest */;
			productType = "com.apple.product-type.bundle.unit-test";
		};
		4687B99923F90B1A00270F45 /* vismaAssignment */ = {
			isa = PBXNativeTarget;
			buildConfigurationList = 4687B9AE23F90B1C00270F45 /* Build configuration list for PBXNativeTarget "vismaAssignment" */;
			buildPhases = (
				62F72EBBBC05927D6699702E /* [CP] Check Pods Manifest.lock */,
				4687B99623F90B1A00270F45 /* Sources */,
				4687B99723F90B1A00270F45 /* Frameworks */,
				4687B99823F90B1A00270F45 /* Resources */,
				4687B9C323F9110900270F45 /* ShellScript */,
				D6E06DCB5008C477502DD199 /* [CP] Embed Pods Frameworks */,
			);
			buildRules = (
			);
			dependencies = (
			);
			name = vismaAssignment;
			productName = vismaAssignment;
			productReference = 4687B99A23F90B1A00270F45 /* vismaAssignment.app */;
			productType = "com.apple.product-type.application";
		};
/* End PBXNativeTarget section */

/* Begin PBXProject section */
		4687B99223F90B1A00270F45 /* Project object */ = {
			isa = PBXProject;
			attributes = {
				LastSwiftUpdateCheck = 1120;
				LastUpgradeCheck = 1120;
				ORGANIZATIONNAME = visma;
				TargetAttributes = {
					465A9ADD23FA797400975305 = {
						CreatedOnToolsVersion = 11.2.1;
						TestTargetID = 4687B99923F90B1A00270F45;
					};
					4687B99923F90B1A00270F45 = {
						CreatedOnToolsVersion = 11.2.1;
					};
				};
			};
			buildConfigurationList = 4687B99523F90B1A00270F45 /* Build configuration list for PBXProject "vismaAssignment" */;
			compatibilityVersion = "Xcode 9.3";
			developmentRegion = en;
			hasScannedForEncodings = 0;
			knownRegions = (
				en,
				Base,
			);
			mainGroup = 4687B99123F90B1A00270F45;
			productRefGroup = 4687B99B23F90B1A00270F45 /* Products */;
			projectDirPath = "";
			projectRoot = "";
			targets = (
				4687B99923F90B1A00270F45 /* vismaAssignment */,
				465A9ADD23FA797400975305 /* vismaAssignmentTests */,
			);
		};
/* End PBXProject section */

/* Begin PBXResourcesBuildPhase section */
		465A9ADC23FA797400975305 /* Resources */ = {
			isa = PBXResourcesBuildPhase;
			buildActionMask = 2147483647;
			files = (
			);
			runOnlyForDeploymentPostprocessing = 0;
		};
		4687B99823F90B1A00270F45 /* Resources */ = {
			isa = PBXResourcesBuildPhase;
			buildActionMask = 2147483647;
			files = (
				4687B9F523F9269000270F45 /* TimeSpentTableViewCell.xib in Resources */,
				4687BA0723F92AF000270F45 /* AddTimeViewController.xib in Resources */,
				46A189CB2407A81E00E806C9 /* Generated in Resources */,
				4687B9AA23F90B1C00270F45 /* LaunchScreen.storyboard in Resources */,
				4687B9C223F910E600270F45 /* ProjectsViewController.xib in Resources */,
				46A189C124079C2E00E806C9 /* AutoEquatable.stencil in Resources */,
				4687B9A723F90B1C00270F45 /* Assets.xcassets in Resources */,
				4687B9E023F91D0700270F45 /* AddProjectViewController.xib in Resources */,
				4687B9F123F924F900270F45 /* TimeSpentViewController.xib in Resources */,
				4687B9C723F912DD00270F45 /* ProjectTableViewCell.xib in Resources */,
				465A9B0223FB09A500975305 /* Readme.md in Resources */,
			);
			runOnlyForDeploymentPostprocessing = 0;
		};
/* End PBXResourcesBuildPhase section */

/* Begin PBXShellScriptBuildPhase section */
		4687B9C323F9110900270F45 /* ShellScript */ = {
			isa = PBXShellScriptBuildPhase;
			buildActionMask = 2147483647;
			files = (
			);
			inputFileListPaths = (
			);
			inputPaths = (
			);
			outputFileListPaths = (
			);
			outputPaths = (
			);
			runOnlyForDeploymentPostprocessing = 0;
			shellPath = /bin/sh;
			shellScript = "if which swiftlint >/dev/null; then\n  swiftlint\nelse\n  echo \"warning: SwiftLint not installed, download from https://github.com/realm/SwiftLint\"\nfi\n";
		};
		62F72EBBBC05927D6699702E /* [CP] Check Pods Manifest.lock */ = {
			isa = PBXShellScriptBuildPhase;
			buildActionMask = 2147483647;
			files = (
			);
			inputFileListPaths = (
			);
			inputPaths = (
				"${PODS_PODFILE_DIR_PATH}/Podfile.lock",
				"${PODS_ROOT}/Manifest.lock",
			);
			name = "[CP] Check Pods Manifest.lock";
			outputFileListPaths = (
			);
			outputPaths = (
				"$(DERIVED_FILE_DIR)/Pods-vismaAssignment-checkManifestLockResult.txt",
			);
			runOnlyForDeploymentPostprocessing = 0;
			shellPath = /bin/sh;
			shellScript = "diff \"${PODS_PODFILE_DIR_PATH}/Podfile.lock\" \"${PODS_ROOT}/Manifest.lock\" > /dev/null\nif [ $? != 0 ] ; then\n    # print error to STDERR\n    echo \"error: The sandbox is not in sync with the Podfile.lock. Run 'pod install' or update your CocoaPods installation.\" >&2\n    exit 1\nfi\n# This output is used by Xcode 'outputs' to avoid re-running this script phase.\necho \"SUCCESS\" > \"${SCRIPT_OUTPUT_FILE_0}\"\n";
			showEnvVarsInLog = 0;
		};
		D6E06DCB5008C477502DD199 /* [CP] Embed Pods Frameworks */ = {
			isa = PBXShellScriptBuildPhase;
			buildActionMask = 2147483647;
			files = (
			);
			inputFileListPaths = (
				"${PODS_ROOT}/Target Support Files/Pods-vismaAssignment/Pods-vismaAssignment-frameworks-${CONFIGURATION}-input-files.xcfilelist",
			);
			name = "[CP] Embed Pods Frameworks";
			outputFileListPaths = (
				"${PODS_ROOT}/Target Support Files/Pods-vismaAssignment/Pods-vismaAssignment-frameworks-${CONFIGURATION}-output-files.xcfilelist",
			);
			runOnlyForDeploymentPostprocessing = 0;
			shellPath = /bin/sh;
			shellScript = "\"${PODS_ROOT}/Target Support Files/Pods-vismaAssignment/Pods-vismaAssignment-frameworks.sh\"\n";
			showEnvVarsInLog = 0;
		};
/* End PBXShellScriptBuildPhase section */

/* Begin PBXSourcesBuildPhase section */
		465A9ADA23FA797400975305 /* Sources */ = {
			isa = PBXSourcesBuildPhase;
			buildActionMask = 2147483647;
			files = (
				465A9AF423FA7AA600975305 /* ProjectsPresenterTests.swift in Sources */,
				465A9AF223FA7A8700975305 /* ProjectsInteractorTests.swift in Sources */,
				465A9AEA23FA799B00975305 /* FakeDBDataManager.swift in Sources */,
				465A9AEF23FA79F200975305 /* TimeModelTest.swift in Sources */,
				465A9AF923FA7B4200975305 /* TimeSpentPresenterTests.swift in Sources */,
				465A9AFC23FADBEA00975305 /* AddTimeInteractorTests.swift in Sources */,
				465A9AF723FA7B2600975305 /* TimeSpentInteractorTests.swift in Sources */,
				465A9AFE23FAE01500975305 /* AddTimePresenterTests.swift in Sources */,
				465A9AED23FA79D200975305 /* ProjectModelTest.swift in Sources */,
			);
			runOnlyForDeploymentPostprocessing = 0;
		};
		4687B99623F90B1A00270F45 /* Sources */ = {
			isa = PBXSourcesBuildPhase;
			buildActionMask = 2147483647;
			files = (
				4687B9F023F924F900270F45 /* TimeSpentViewController.swift in Sources */,
				4687B9D823F91A0D00270F45 /* ProjectEntity.swift in Sources */,
				4687B9F723F9270200270F45 /* TimeSpentPresenter.swift in Sources */,
				4687B9C923F913D800270F45 /* ProjectsPresenter.swift in Sources */,
				4687B9E623F91EA600270F45 /* AddProjectRouter.swift in Sources */,
				4687BA0D23F92B8100270F45 /* AddTimeRouter.swift in Sources */,
				4687B9FF23F9277100270F45 /* TimeEntity.swift in Sources */,
				4687B9D423F9153E00270F45 /* DBDataManager.swift in Sources */,
				4687B9FB23F9272F00270F45 /* TimeSpentRouter.swift in Sources */,
				4687B9DF23F91D0700270F45 /* AddProjectViewController.swift in Sources */,
				4687B9D623F9156600270F45 /* RealmDataBase.swift in Sources */,
				4687B9CB23F913F500270F45 /* ProjectsInteractor.swift in Sources */,
				4687B9FD23F9275B00270F45 /* TimeModel.swift in Sources */,
				4687B9CF23F9147C00270F45 /* ProjectModel.swift in Sources */,
				4687B9E423F91E7300270F45 /* AddProjectInteractor.swift in Sources */,
				46A189C92407A6A600E806C9 /* AutoEquatable.swift in Sources */,
				4687B9E923F91F4700270F45 /* ViewExtension.swift in Sources */,
				4687B9CD23F9141000270F45 /* ProjectsRouter.swift in Sources */,
				4687B9E223F91DF500270F45 /* AddProjectPresenter.swift in Sources */,
				4687BA0923F92B5300270F45 /* AddTimePresenter.swift in Sources */,
				4687BA0623F92AF000270F45 /* AddTimeViewController.swift in Sources */,
				4687B9C123F910E600270F45 /* ProjectsViewController.swift in Sources */,
				4687B9C623F912DD00270F45 /* ProjectTableViewCell.swift in Sources */,
				4687B9F923F9271B00270F45 /* TimeSpentInteractor.swift in Sources */,
				4687BA0B23F92B6D00270F45 /* AddTimeInteractor.swift in Sources */,
				4687B9F423F9269000270F45 /* TimeSpentTableViewCell.swift in Sources */,
				4687B99E23F90B1A00270F45 /* AppDelegate.swift in Sources */,
			);
			runOnlyForDeploymentPostprocessing = 0;
		};
/* End PBXSourcesBuildPhase section */

/* Begin PBXTargetDependency section */
		465A9AE423FA797400975305 /* PBXTargetDependency */ = {
			isa = PBXTargetDependency;
			target = 4687B99923F90B1A00270F45 /* vismaAssignment */;
			targetProxy = 465A9AE323FA797400975305 /* PBXContainerItemProxy */;
		};
/* End PBXTargetDependency section */

/* Begin PBXVariantGroup section */
		4687B9A823F90B1C00270F45 /* LaunchScreen.storyboard */ = {
			isa = PBXVariantGroup;
			children = (
				4687B9A923F90B1C00270F45 /* Base */,
			);
			name = LaunchScreen.storyboard;
			sourceTree = "<group>";
		};
/* End PBXVariantGroup section */

/* Begin XCBuildConfiguration section */
		465A9AE623FA797400975305 /* Debug */ = {
			isa = XCBuildConfiguration;
			buildSettings = {
				BUNDLE_LOADER = "$(TEST_HOST)";
				CODE_SIGN_STYLE = Automatic;
				INFOPLIST_FILE = vismaAssignmentTests/Info.plist;
				LD_RUNPATH_SEARCH_PATHS = (
					"$(inherited)",
					"@executable_path/Frameworks",
					"@loader_path/Frameworks",
				);
				PRODUCT_BUNDLE_IDENTIFIER = visma.com.vismaAssignmentTests;
				PRODUCT_NAME = "$(TARGET_NAME)";
				SWIFT_VERSION = 5.0;
				TARGETED_DEVICE_FAMILY = "1,2";
				TEST_HOST = "$(BUILT_PRODUCTS_DIR)/vismaAssignment.app/vismaAssignment";
			};
			name = Debug;
		};
		465A9AE723FA797400975305 /* Release */ = {
			isa = XCBuildConfiguration;
			buildSettings = {
				BUNDLE_LOADER = "$(TEST_HOST)";
				CODE_SIGN_STYLE = Automatic;
				INFOPLIST_FILE = vismaAssignmentTests/Info.plist;
				LD_RUNPATH_SEARCH_PATHS = (
					"$(inherited)",
					"@executable_path/Frameworks",
					"@loader_path/Frameworks",
				);
				PRODUCT_BUNDLE_IDENTIFIER = visma.com.vismaAssignmentTests;
				PRODUCT_NAME = "$(TARGET_NAME)";
				SWIFT_VERSION = 5.0;
				TARGETED_DEVICE_FAMILY = "1,2";
				TEST_HOST = "$(BUILT_PRODUCTS_DIR)/vismaAssignment.app/vismaAssignment";
			};
			name = Release;
		};
		4687B9AC23F90B1C00270F45 /* Debug */ = {
			isa = XCBuildConfiguration;
			buildSettings = {
				ALWAYS_SEARCH_USER_PATHS = NO;
				CLANG_ANALYZER_NONNULL = YES;
				CLANG_ANALYZER_NUMBER_OBJECT_CONVERSION = YES_AGGRESSIVE;
				CLANG_CXX_LANGUAGE_STANDARD = "gnu++14";
				CLANG_CXX_LIBRARY = "libc++";
				CLANG_ENABLE_MODULES = YES;
				CLANG_ENABLE_OBJC_ARC = YES;
				CLANG_ENABLE_OBJC_WEAK = YES;
				CLANG_WARN_BLOCK_CAPTURE_AUTORELEASING = YES;
				CLANG_WARN_BOOL_CONVERSION = YES;
				CLANG_WARN_COMMA = YES;
				CLANG_WARN_CONSTANT_CONVERSION = YES;
				CLANG_WARN_DEPRECATED_OBJC_IMPLEMENTATIONS = YES;
				CLANG_WARN_DIRECT_OBJC_ISA_USAGE = YES_ERROR;
				CLANG_WARN_DOCUMENTATION_COMMENTS = YES;
				CLANG_WARN_EMPTY_BODY = YES;
				CLANG_WARN_ENUM_CONVERSION = YES;
				CLANG_WARN_INFINITE_RECURSION = YES;
				CLANG_WARN_INT_CONVERSION = YES;
				CLANG_WARN_NON_LITERAL_NULL_CONVERSION = YES;
				CLANG_WARN_OBJC_IMPLICIT_RETAIN_SELF = YES;
				CLANG_WARN_OBJC_LITERAL_CONVERSION = YES;
				CLANG_WARN_OBJC_ROOT_CLASS = YES_ERROR;
				CLANG_WARN_RANGE_LOOP_ANALYSIS = YES;
				CLANG_WARN_STRICT_PROTOTYPES = YES;
				CLANG_WARN_SUSPICIOUS_MOVE = YES;
				CLANG_WARN_UNGUARDED_AVAILABILITY = YES_AGGRESSIVE;
				CLANG_WARN_UNREACHABLE_CODE = YES;
				CLANG_WARN__DUPLICATE_METHOD_MATCH = YES;
				COPY_PHASE_STRIP = NO;
				DEBUG_INFORMATION_FORMAT = dwarf;
				ENABLE_STRICT_OBJC_MSGSEND = YES;
				ENABLE_TESTABILITY = YES;
				GCC_C_LANGUAGE_STANDARD = gnu11;
				GCC_DYNAMIC_NO_PIC = NO;
				GCC_NO_COMMON_BLOCKS = YES;
				GCC_OPTIMIZATION_LEVEL = 0;
				GCC_PREPROCESSOR_DEFINITIONS = (
					"DEBUG=1",
					"$(inherited)",
				);
				GCC_WARN_64_TO_32_BIT_CONVERSION = YES;
				GCC_WARN_ABOUT_RETURN_TYPE = YES_ERROR;
				GCC_WARN_UNDECLARED_SELECTOR = YES;
				GCC_WARN_UNINITIALIZED_AUTOS = YES_AGGRESSIVE;
				GCC_WARN_UNUSED_FUNCTION = YES;
				GCC_WARN_UNUSED_VARIABLE = YES;
				IPHONEOS_DEPLOYMENT_TARGET = 13.2;
				MTL_ENABLE_DEBUG_INFO = INCLUDE_SOURCE;
				MTL_FAST_MATH = YES;
				ONLY_ACTIVE_ARCH = YES;
				SDKROOT = iphoneos;
				SWIFT_ACTIVE_COMPILATION_CONDITIONS = DEBUG;
				SWIFT_OPTIMIZATION_LEVEL = "-Onone";
			};
			name = Debug;
		};
		4687B9AD23F90B1C00270F45 /* Release */ = {
			isa = XCBuildConfiguration;
			buildSettings = {
				ALWAYS_SEARCH_USER_PATHS = NO;
				CLANG_ANALYZER_NONNULL = YES;
				CLANG_ANALYZER_NUMBER_OBJECT_CONVERSION = YES_AGGRESSIVE;
				CLANG_CXX_LANGUAGE_STANDARD = "gnu++14";
				CLANG_CXX_LIBRARY = "libc++";
				CLANG_ENABLE_MODULES = YES;
				CLANG_ENABLE_OBJC_ARC = YES;
				CLANG_ENABLE_OBJC_WEAK = YES;
				CLANG_WARN_BLOCK_CAPTURE_AUTORELEASING = YES;
				CLANG_WARN_BOOL_CONVERSION = YES;
				CLANG_WARN_COMMA = YES;
				CLANG_WARN_CONSTANT_CONVERSION = YES;
				CLANG_WARN_DEPRECATED_OBJC_IMPLEMENTATIONS = YES;
				CLANG_WARN_DIRECT_OBJC_ISA_USAGE = YES_ERROR;
				CLANG_WARN_DOCUMENTATION_COMMENTS = YES;
				CLANG_WARN_EMPTY_BODY = YES;
				CLANG_WARN_ENUM_CONVERSION = YES;
				CLANG_WARN_INFINITE_RECURSION = YES;
				CLANG_WARN_INT_CONVERSION = YES;
				CLANG_WARN_NON_LITERAL_NULL_CONVERSION = YES;
				CLANG_WARN_OBJC_IMPLICIT_RETAIN_SELF = YES;
				CLANG_WARN_OBJC_LITERAL_CONVERSION = YES;
				CLANG_WARN_OBJC_ROOT_CLASS = YES_ERROR;
				CLANG_WARN_RANGE_LOOP_ANALYSIS = YES;
				CLANG_WARN_STRICT_PROTOTYPES = YES;
				CLANG_WARN_SUSPICIOUS_MOVE = YES;
				CLANG_WARN_UNGUARDED_AVAILABILITY = YES_AGGRESSIVE;
				CLANG_WARN_UNREACHABLE_CODE = YES;
				CLANG_WARN__DUPLICATE_METHOD_MATCH = YES;
				COPY_PHASE_STRIP = NO;
				DEBUG_INFORMATION_FORMAT = "dwarf-with-dsym";
				ENABLE_NS_ASSERTIONS = NO;
				ENABLE_STRICT_OBJC_MSGSEND = YES;
				GCC_C_LANGUAGE_STANDARD = gnu11;
				GCC_NO_COMMON_BLOCKS = YES;
				GCC_WARN_64_TO_32_BIT_CONVERSION = YES;
				GCC_WARN_ABOUT_RETURN_TYPE = YES_ERROR;
				GCC_WARN_UNDECLARED_SELECTOR = YES;
				GCC_WARN_UNINITIALIZED_AUTOS = YES_AGGRESSIVE;
				GCC_WARN_UNUSED_FUNCTION = YES;
				GCC_WARN_UNUSED_VARIABLE = YES;
				IPHONEOS_DEPLOYMENT_TARGET = 13.2;
				MTL_ENABLE_DEBUG_INFO = NO;
				MTL_FAST_MATH = YES;
				SDKROOT = iphoneos;
				SWIFT_COMPILATION_MODE = wholemodule;
				SWIFT_OPTIMIZATION_LEVEL = "-O";
				VALIDATE_PRODUCT = YES;
			};
			name = Release;
		};
		4687B9AF23F90B1C00270F45 /* Debug */ = {
			isa = XCBuildConfiguration;
			baseConfigurationReference = 31E5AAEC846C252B3F0F6EDD /* Pods-vismaAssignment.debug.xcconfig */;
			buildSettings = {
				ASSETCATALOG_COMPILER_APPICON_NAME = AppIcon;
				CODE_SIGN_STYLE = Automatic;
				INFOPLIST_FILE = vismaAssignment/Info.plist;
				LD_RUNPATH_SEARCH_PATHS = (
					"$(inherited)",
					"@executable_path/Frameworks",
				);
				PRODUCT_BUNDLE_IDENTIFIER = visma.com.vismaAssignment;
				PRODUCT_NAME = "$(TARGET_NAME)";
				SWIFT_VERSION = 5.0;
				TARGETED_DEVICE_FAMILY = "1,2";
			};
			name = Debug;
		};
		4687B9B023F90B1C00270F45 /* Release */ = {
			isa = XCBuildConfiguration;
			baseConfigurationReference = FDC1997136576116B72113B6 /* Pods-vismaAssignment.release.xcconfig */;
			buildSettings = {
				ASSETCATALOG_COMPILER_APPICON_NAME = AppIcon;
				CODE_SIGN_STYLE = Automatic;
				INFOPLIST_FILE = vismaAssignment/Info.plist;
				LD_RUNPATH_SEARCH_PATHS = (
					"$(inherited)",
					"@executable_path/Frameworks",
				);
				PRODUCT_BUNDLE_IDENTIFIER = visma.com.vismaAssignment;
				PRODUCT_NAME = "$(TARGET_NAME)";
				SWIFT_VERSION = 5.0;
				TARGETED_DEVICE_FAMILY = "1,2";
			};
			name = Release;
		};
/* End XCBuildConfiguration section */

/* Begin XCConfigurationList section */
		465A9AE523FA797400975305 /* Build configuration list for PBXNativeTarget "vismaAssignmentTests" */ = {
			isa = XCConfigurationList;
			buildConfigurations = (
				465A9AE623FA797400975305 /* Debug */,
				465A9AE723FA797400975305 /* Release */,
			);
			defaultConfigurationIsVisible = 0;
			defaultConfigurationName = Release;
		};
		4687B99523F90B1A00270F45 /* Build configuration list for PBXProject "vismaAssignment" */ = {
			isa = XCConfigurationList;
			buildConfigurations = (
				4687B9AC23F90B1C00270F45 /* Debug */,
				4687B9AD23F90B1C00270F45 /* Release */,
			);
			defaultConfigurationIsVisible = 0;
			defaultConfigurationName = Release;
		};
		4687B9AE23F90B1C00270F45 /* Build configuration list for PBXNativeTarget "vismaAssignment" */ = {
			isa = XCConfigurationList;
			buildConfigurations = (
				4687B9AF23F90B1C00270F45 /* Debug */,
				4687B9B023F90B1C00270F45 /* Release */,
			);
			defaultConfigurationIsVisible = 0;
			defaultConfigurationName = Release;
		};
/* End XCConfigurationList section */
	};
	rootObject = 4687B99223F90B1A00270F45 /* Project object */;
}
